// !$*UTF8*$!
{
	archiveVersion = 1;
	classes = {
	};
	objectVersion = 46;
	objects = {

/* Begin PBXBuildFile section */
		9268EDAB1F00A10C00D6ECD2 /* main.m in Sources */ = {isa = PBXBuildFile; fileRef = 9268EDAA1F00A10C00D6ECD2 /* main.m */; };
		9268EDAE1F00A10C00D6ECD2 /* AppDelegate.m in Sources */ = {isa = PBXBuildFile; fileRef = 9268EDAD1F00A10C00D6ECD2 /* AppDelegate.m */; };
		9268EDB11F00A10C00D6ECD2 /* ViewController.m in Sources */ = {isa = PBXBuildFile; fileRef = 9268EDB01F00A10C00D6ECD2 /* ViewController.m */; };
		9268EDB41F00A10C00D6ECD2 /* Main.storyboard in Resources */ = {isa = PBXBuildFile; fileRef = 9268EDB21F00A10C00D6ECD2 /* Main.storyboard */; };
		9268EDB61F00A10C00D6ECD2 /* Assets.xcassets in Resources */ = {isa = PBXBuildFile; fileRef = 9268EDB51F00A10C00D6ECD2 /* Assets.xcassets */; };
		9268EDB91F00A10C00D6ECD2 /* LaunchScreen.storyboard in Resources */ = {isa = PBXBuildFile; fileRef = 9268EDB71F00A10C00D6ECD2 /* LaunchScreen.storyboard */; };
		927C26E11F02398D0095235B /* LayoutView.m in Sources */ = {isa = PBXBuildFile; fileRef = 927C26E01F02398D0095235B /* LayoutView.m */; };
		927C26E41F0251CF0095235B /* DCollectionView.m in Sources */ = {isa = PBXBuildFile; fileRef = 927C26E31F0251CF0095235B /* DCollectionView.m */; };
/* End PBXBuildFile section */

/* Begin PBXFileReference section */
		9268EDA61F00A10C00D6ECD2 /* CA3DView.app */ = {isa = PBXFileReference; explicitFileType = wrapper.application; includeInIndex = 0; path = CA3DView.app; sourceTree = BUILT_PRODUCTS_DIR; };
		9268EDAA1F00A10C00D6ECD2 /* main.m */ = {isa = PBXFileReference; lastKnownFileType = sourcecode.c.objc; path = main.m; sourceTree = "<group>"; };
		9268EDAC1F00A10C00D6ECD2 /* AppDelegate.h */ = {isa = PBXFileReference; lastKnownFileType = sourcecode.c.h; path = AppDelegate.h; sourceTree = "<group>"; };
		9268EDAD1F00A10C00D6ECD2 /* AppDelegate.m */ = {isa = PBXFileReference; lastKnownFileType = sourcecode.c.objc; path = AppDelegate.m; sourceTree = "<group>"; };
		9268EDAF1F00A10C00D6ECD2 /* ViewController.h */ = {isa = PBXFileReference; lastKnownFileType = sourcecode.c.h; path = ViewController.h; sourceTree = "<group>"; };
		9268EDB01F00A10C00D6ECD2 /* ViewController.m */ = {isa = PBXFileReference; lastKnownFileType = sourcecode.c.objc; path = ViewController.m; sourceTree = "<group>"; };
		9268EDB31F00A10C00D6ECD2 /* Base */ = {isa = PBXFileReference; lastKnownFileType = file.storyboard; name = Base; path = Base.lproj/Main.storyboard; sourceTree = "<group>"; };
		9268EDB51F00A10C00D6ECD2 /* Assets.xcassets */ = {isa = PBXFileReference; lastKnownFileType = folder.assetcatalog; path = Assets.xcassets; sourceTree = "<group>"; };
		9268EDB81F00A10C00D6ECD2 /* Base */ = {isa = PBXFileReference; lastKnownFileType = file.storyboard; name = Base; path = Base.lproj/LaunchScreen.storyboard; sourceTree = "<group>"; };
		9268EDBA1F00A10C00D6ECD2 /* Info.plist */ = {isa = PBXFileReference; lastKnownFileType = text.plist.xml; path = Info.plist; sourceTree = "<group>"; };
		927C26DF1F02398D0095235B /* LayoutView.h */ = {isa = PBXFileReference; fileEncoding = 4; lastKnownFileType = sourcecode.c.h; path = LayoutView.h; sourceTree = "<group>"; };
		927C26E01F02398D0095235B /* LayoutView.m */ = {isa = PBXFileReference; fileEncoding = 4; lastKnownFileType = sourcecode.c.objc; path = LayoutView.m; sourceTree = "<group>"; };
		927C26E21F0251CF0095235B /* DCollectionView.h */ = {isa = PBXFileReference; fileEncoding = 4; lastKnownFileType = sourcecode.c.h; path = DCollectionView.h; sourceTree = "<group>"; };
		927C26E31F0251CF0095235B /* DCollectionView.m */ = {isa = PBXFileReference; fileEncoding = 4; lastKnownFileType = sourcecode.c.objc; path = DCollectionView.m; sourceTree = "<group>"; };
/* End PBXFileReference section */

/* Begin PBXFrameworksBuildPhase section */
		9268EDA31F00A10C00D6ECD2 /* Frameworks */ = {
			isa = PBXFrameworksBuildPhase;
			buildActionMask = 2147483647;
			files = (
			);
			runOnlyForDeploymentPostprocessing = 0;
		};
/* End PBXFrameworksBuildPhase section */

/* Begin PBXGroup section */
		9268ED9D1F00A10C00D6ECD2 = {
			isa = PBXGroup;
			children = (
				9268EDA81F00A10C00D6ECD2 /* CA3DView */,
				9268EDA71F00A10C00D6ECD2 /* Products */,
			);
			sourceTree = "<group>";
		};
		9268EDA71F00A10C00D6ECD2 /* Products */ = {
			isa = PBXGroup;
			children = (
				9268EDA61F00A10C00D6ECD2 /* CA3DView.app */,
			);
			name = Products;
			sourceTree = "<group>";
		};
		9268EDA81F00A10C00D6ECD2 /* CA3DView */ = {
			isa = PBXGroup;
			children = (
				9268EDAC1F00A10C00D6ECD2 /* AppDelegate.h */,
				9268EDAD1F00A10C00D6ECD2 /* AppDelegate.m */,
				9268EDAF1F00A10C00D6ECD2 /* ViewController.h */,
				9268EDB01F00A10C00D6ECD2 /* ViewController.m */,
				927C26E21F0251CF0095235B /* DCollectionView.h */,
				927C26E31F0251CF0095235B /* DCollectionView.m */,
				927C26DF1F02398D0095235B /* LayoutView.h */,
				927C26E01F02398D0095235B /* LayoutView.m */,
				9268EDB21F00A10C00D6ECD2 /* Main.storyboard */,
				9268EDB51F00A10C00D6ECD2 /* Assets.xcassets */,
				9268EDB71F00A10C00D6ECD2 /* LaunchScreen.storyboard */,
				9268EDBA1F00A10C00D6ECD2 /* Info.plist */,
				9268EDA91F00A10C00D6ECD2 /* Supporting Files */,
			);
			path = CA3DView;
			sourceTree = "<group>";
		};
		9268EDA91F00A10C00D6ECD2 /* Supporting Files */ = {
			isa = PBXGroup;
			children = (
				9268EDAA1F00A10C00D6ECD2 /* main.m */,
			);
			name = "Supporting Files";
			sourceTree = "<group>";
		};
/* End PBXGroup section */

/* Begin PBXNativeTarget section */
		9268EDA51F00A10C00D6ECD2 /* CA3DView */ = {
			isa = PBXNativeTarget;
			buildConfigurationList = 9268EDBD1F00A10C00D6ECD2 /* Build configuration list for PBXNativeTarget "CA3DView" */;
			buildPhases = (
				9268EDA21F00A10C00D6ECD2 /* Sources */,
				9268EDA31F00A10C00D6ECD2 /* Frameworks */,
				9268EDA41F00A10C00D6ECD2 /* Resources */,
			);
			buildRules = (
			);
			dependencies = (
			);
			name = CA3DView;
			productName = CA3DView;
			productReference = 9268EDA61F00A10C00D6ECD2 /* CA3DView.app */;
			productType = "com.apple.product-type.application";
		};
/* End PBXNativeTarget section */

/* Begin PBXProject section */
		9268ED9E1F00A10C00D6ECD2 /* Project object */ = {
			isa = PBXProject;
			attributes = {
				LastUpgradeCheck = 0830;
				ORGANIZATIONNAME = "魏唯隆";
				TargetAttributes = {
					9268EDA51F00A10C00D6ECD2 = {
						CreatedOnToolsVersion = 8.3.3;
						DevelopmentTeam = X36P6J44B6;
						ProvisioningStyle = Automatic;
					};
				};
			};
			buildConfigurationList = 9268EDA11F00A10C00D6ECD2 /* Build configuration list for PBXProject "CA3DView" */;
			compatibilityVersion = "Xcode 3.2";
			developmentRegion = English;
			hasScannedForEncodings = 0;
			knownRegions = (
				en,
				Base,
			);
			mainGroup = 9268ED9D1F00A10C00D6ECD2;
			productRefGroup = 9268EDA71F00A10C00D6ECD2 /* Products */;
			projectDirPath = "";
			projectRoot = "";
			targets = (
				9268EDA51F00A10C00D6ECD2 /* CA3DView */,
			);
		};
/* End PBXProject section */

/* Begin PBXResourcesBuildPhase section */
		9268EDA41F00A10C00D6ECD2 /* Resources */ = {
			isa = PBXResourcesBuildPhase;
			buildActionMask = 2147483647;
			files = (
				9268EDB91F00A10C00D6ECD2 /* LaunchScreen.storyboard in Resources */,
				9268EDB61F00A10C00D6ECD2 /* Assets.xcassets in Resources */,
				9268EDB41F00A10C00D6ECD2 /* Main.storyboard in Resources */,
			);
			runOnlyForDeploymentPostprocessing = 0;
		};
/* End PBXResourcesBuildPhase section */

/* Begin PBXSourcesBuildPhase section */
		9268EDA21F00A10C00D6ECD2 /* Sources */ = {
			isa = PBXSourcesBuildPhase;
			buildActionMask = 2147483647;
			files = (
				927C26E11F02398D0095235B /* LayoutView.m in Sources */,
				9268EDB11F00A10C00D6ECD2 /* ViewController.m in Sources */,
				9268EDAE1F00A10C00D6ECD2 /* AppDelegate.m in Sources */,
				9268EDAB1F00A10C00D6ECD2 /* main.m in Sources */,
				927C26E41F0251CF0095235B /* DCollectionView.m in Sources */,
			);
			runOnlyForDeploymentPostprocessing = 0;
		};
/* End PBXSourcesBuildPhase section */

/* Begin PBXVariantGroup section */
		9268EDB21F00A10C00D6ECD2 /* Main.storyboard */ = {
			isa = PBXVariantGroup;
			children = (
				9268EDB31F00A10C00D6ECD2 /* Base */,
			);
			name = Main.storyboard;
			sourceTree = "<group>";
		};
		9268EDB71F00A10C00D6ECD2 /* LaunchScreen.storyboard */ = {
			isa = PBXVariantGroup;
			children = (
				9268EDB81F00A10C00D6ECD2 /* Base */,
			);
			name = LaunchScreen.storyboard;
			sourceTree = "<group>";
		};
/* End PBXVariantGroup section */

/* Begin XCBuildConfiguration section */
		9268EDBB1F00A10C00D6ECD2 /* Debug */ = {
			isa = XCBuildConfiguration;
			buildSettings = {
				ALWAYS_SEARCH_USER_PATHS = NO;
				CLANG_ANALYZER_NONNULL = YES;
				CLANG_ANALYZER_NUMBER_OBJECT_CONVERSION = YES_AGGRESSIVE;
				CLANG_CXX_LANGUAGE_STANDARD = "gnu++0x";
				CLANG_CXX_LIBRARY = "libc++";
				CLANG_ENABLE_MODULES = YES;
				CLANG_ENABLE_OBJC_ARC = YES;
				CLANG_WARN_BOOL_CONVERSION = YES;
				CLANG_WARN_CONSTANT_CONVERSION = YES;
				CLANG_WARN_DIRECT_OBJC_ISA_USAGE = YES_ERROR;
				CLANG_WARN_DOCUMENTATION_COMMENTS = YES;
				CLANG_WARN_EMPTY_BODY = YES;
				CLANG_WARN_ENUM_CONVERSION = YES;
				CLANG_WARN_INFINITE_RECURSION = YES;
				CLANG_WARN_INT_CONVERSION = YES;
				CLANG_WARN_OBJC_ROOT_CLASS = YES_ERROR;
				CLANG_WARN_SUSPICIOUS_MOVE = YES;
				CLANG_WARN_UNREACHABLE_CODE = YES;
				CLANG_WARN__DUPLICATE_METHOD_MATCH = YES;
				"CODE_SIGN_IDENTITY[sdk=iphoneos*]" = "iPhone Developer";
				COPY_PHASE_STRIP = NO;
				DEBUG_INFORMATION_FORMAT = dwarf;
				ENABLE_STRICT_OBJC_MSGSEND = YES;
				ENABLE_TESTABILITY = YES;
				GCC_C_LANGUAGE_STANDARD = gnu99;
				GCC_DYNAMIC_NO_PIC = NO;
				GCC_NO_COMMON_BLOCKS = YES;
				GCC_OPTIMIZATION_LEVEL = 0;
				GCC_PREPROCESSOR_DEFINITIONS = (
					"DEBUG=1",
					"$(inherited)",
				);
				GCC_WARN_64_TO_32_BIT_CONVERSION = YES;
				GCC_WARN_ABOUT_RETURN_TYPE = YES_ERROR;
				GCC_WARN_UNDECLARED_SELECTOR = YES;
				GCC_WARN_UNINITIALIZED_AUTOS = YES_AGGRESSIVE;
				GCC_WARN_UNUSED_FUNCTION = YES;
				GCC_WARN_UNUSED_VARIABLE = YES;
				IPHONEOS_DEPLOYMENT_TARGET = 10.3;
				MTL_ENABLE_DEBUG_INFO = YES;
				ONLY_ACTIVE_ARCH = YES;
				SDKROOT = iphoneos;
			};
			name = Debug;
		};
		9268EDBC1F00A10C00D6ECD2 /* Release */ = {
			isa = XCBuildConfiguration;
			buildSettings = {
				ALWAYS_SEARCH_USER_PATHS = NO;
				CLANG_ANALYZER_NONNULL = YES;
				CLANG_ANALYZER_NUMBER_OBJECT_CONVERSION = YES_AGGRESSIVE;
				CLANG_CXX_LANGUAGE_STANDARD = "gnu++0x";
				CLANG_CXX_LIBRARY = "libc++";
				CLANG_ENABLE_MODULES = YES;
				CLANG_ENABLE_OBJC_ARC = YES;
				CLANG_WARN_BOOL_CONVERSION = YES;
				CLANG_WARN_CONSTANT_CONVERSION = YES;
				CLANG_WARN_DIRECT_OBJC_ISA_USAGE = YES_ERROR;
				CLANG_WARN_DOCUMENTATION_COMMENTS = YES;
				CLANG_WARN_EMPTY_BODY = YES;
				CLANG_WARN_ENUM_CONVERSION = YES;
				CLANG_WARN_INFINITE_RECURSION = YES;
				CLANG_WARN_INT_CONVERSION = YES;
				CLANG_WARN_OBJC_ROOT_CLASS = YES_ERROR;
				CLANG_WARN_SUSPICIOUS_MOVE = YES;
				CLANG_WARN_UNREACHABLE_CODE = YES;
				CLANG_WARN__DUPLICATE_METHOD_MATCH = YES;
				"CODE_SIGN_IDENTITY[sdk=iphoneos*]" = "iPhone Developer";
				COPY_PHASE_STRIP = NO;
				DEBUG_INFORMATION_FORMAT = "dwarf-with-dsym";
				ENABLE_NS_ASSERTIONS = NO;
				ENABLE_STRICT_OBJC_MSGSEND = YES;
				GCC_C_LANGUAGE_STANDARD = gnu99;
				GCC_NO_COMMON_BLOCKS = YES;
				GCC_WARN_64_TO_32_BIT_CONVERSION = YES;
				GCC_WARN_ABOUT_RETURN_TYPE = YES_ERROR;
				GCC_WARN_UNDECLARED_SELECTOR = YES;
				GCC_WARN_UNINITIALIZED_AUTOS = YES_AGGRESSIVE;
				GCC_WARN_UNUSED_FUNCTION = YES;
				GCC_WARN_UNUSED_VARIABLE = YES;
				IPHONEOS_DEPLOYMENT_TARGET = 10.3;
				MTL_ENABLE_DEBUG_INFO = NO;
				SDKROOT = iphoneos;
				VALIDATE_PRODUCT = YES;
			};
			name = Release;
		};
		9268EDBE1F00A10C00D6ECD2 /* Debug */ = {
			isa = XCBuildConfiguration;
			buildSettings = {
				ASSETCATALOG_COMPILER_APPICON_NAME = AppIcon;
				DEVELOPMENT_TEAM = X36P6J44B6;
				INFOPLIST_FILE = CA3DView/Info.plist;
				LD_RUNPATH_SEARCH_PATHS = "$(inherited) @executable_path/Frameworks";
				PRODUCT_BUNDLE_IDENTIFIER = sanli.CA3DView;
				PRODUCT_NAME = "$(TARGET_NAME)";
			};
			name = Debug;
		};
		9268EDBF1F00A10C00D6ECD2 /* Release */ = {
			isa = XCBuildConfiguration;
			buildSettings = {
				ASSETCATALOG_COMPILER_APPICON_NAME = AppIcon;
				DEVELOPMENT_TEAM = X36P6J44B6;
				INFOPLIST_FILE = CA3DView/Info.plist;
				LD_RUNPATH_SEARCH_PATHS = "$(inherited) @executable_path/Frameworks";
				PRODUCT_BUNDLE_IDENTIFIER = sanli.CA3DView;
				PRODUCT_NAME = "$(TARGET_NAME)";
			};
			name = Release;
		};
/* End XCBuildConfiguration section */

/* Begin XCConfigurationList section */
		9268EDA11F00A10C00D6ECD2 /* Build configuration list for PBXProject "CA3DView" */ = {
			isa = XCConfigurationList;
			buildConfigurations = (
				9268EDBB1F00A10C00D6ECD2 /* Debug */,
				9268EDBC1F00A10C00D6ECD2 /* Release */,
			);
			defaultConfigurationIsVisible = 0;
			defaultConfigurationName = Release;
		};
		9268EDBD1F00A10C00D6ECD2 /* Build configuration list for PBXNativeTarget "CA3DView" */ = {
			isa = XCConfigurationList;
			buildConfigurations = (
				9268EDBE1F00A10C00D6ECD2 /* Debug */,
				9268EDBF1F00A10C00D6ECD2 /* Release */,
			);
			defaultConfigurationIsVisible = 0;
			defaultConfigurationName = Release;
		};
/* End XCConfigurationList section */
	};
	rootObject = 9268ED9E1F00A10C00D6ECD2 /* Project object */;
}
